{
  "name": "finalproject",
  "lockfileVersion": 3,
  "requires": true,
  "packages": {
    "": {
      "dependencies": {
        "react-native-alerts": "^0.1.8"
      }
    },
    "node_modules/react-native-alerts": {
      "version": "0.1.8",
      "resolved": "https://registry.npmjs.org/react-native-alerts/-/react-native-alerts-0.1.8.tgz",
      "integrity": "sha512-TI40CI8CT3Ds9hMisQ8CDScQrdPWGV/UD6Vj4HeOPLZY6IxZ5xXKARYR0iO5fpW/A//D7NIsruwBWfufRUaFIA=="
    }
  }
}
